
Microsoft Visual Studio Solution File, Format Version 12.00
# Visual Studio Version 17
VisualStudioVersion = 17.5.33530.505
MinimumVisualStudioVersion = 10.0.40219.1
Project("{FAE04EC0-301F-11D3-BF4B-00C04F79EFBC}") = "CarsharingApp", "CarsharingApp\CarsharingApp.csproj", "{41431137-61FE-4D6C-8A15-B531DE3D7EC1}"
EndProject
Global
	GlobalSection(SolutionConfigurationPlatforms) = preSolution
		Debug|Any CPU = Debug|Any CPU
		Release|Any CPU = Release|Any CPU
	EndGlobalSection
	GlobalSection(ProjectConfigurationPlatforms) = postSolution
		{41431137-61FE-4D6C-8A15-B531DE3D7EC1}.Debug|Any CPU.ActiveCfg = Debug|Any CPU
		{41431137-61FE-4D6C-8A15-B531DE3D7EC1}.Debug|Any CPU.Build.0 = Debug|Any CPU
		{41431137-61FE-4D6C-8A15-B531DE3D7EC1}.Release|Any CPU.ActiveCfg = Release|Any CPU
		{41431137-61FE-4D6C-8A15-B531DE3D7EC1}.Release|Any CPU.Build.0 = Release|Any CPU
	EndGlobalSection
	GlobalSection(SolutionProperties) = preSolution
		HideSolutionNode = FALSE
	EndGlobalSection
	GlobalSection(ExtensibilityGlobals) = postSolution
		SolutionGuid = {51210B91-BF98-44A0-B295-662BC2776238}
	EndGlobalSection
EndGlobal
